
Microsoft Visual Studio Solution File, Format Version 12.00
# Visual Studio Version 17
VisualStudioVersion = 17.10.34928.147
MinimumVisualStudioVersion = 10.0.40219.1
Project("{FAE04EC0-301F-11D3-BF4B-00C04F79EFBC}") = "Mens_Beauty_Center", "Mens_Beauty_Center\Mens_Beauty_Center.csproj", "{DAF6679D-0AA9-4380-9032-F36A41D1257E}"
EndProject
Global
	GlobalSection(SolutionConfigurationPlatforms) = preSolution
		Debug|Any CPU = Debug|Any CPU
		Release|Any CPU = Release|Any CPU
	EndGlobalSection
	GlobalSection(ProjectConfigurationPlatforms) = postSolution
		{DAF6679D-0AA9-4380-9032-F36A41D1257E}.Debug|Any CPU.ActiveCfg = Debug|Any CPU
		{DAF6679D-0AA9-4380-9032-F36A41D1257E}.Debug|Any CPU.Build.0 = Debug|Any CPU
		{DAF6679D-0AA9-4380-9032-F36A41D1257E}.Release|Any CPU.ActiveCfg = Release|Any CPU
		{DAF6679D-0AA9-4380-9032-F36A41D1257E}.Release|Any CPU.Build.0 = Release|Any CPU
	EndGlobalSection
	GlobalSection(SolutionProperties) = preSolution
		HideSolutionNode = FALSE
	EndGlobalSection
	GlobalSection(ExtensibilityGlobals) = postSolution
		SolutionGuid = {81B5B328-0C74-439E-AFB5-3E1A13BA9630}
	EndGlobalSection
EndGlobal
